// !$*UTF8*$!
{
	archiveVersion = 1;
	classes = {
	};
	objectVersion = 55;
	objects = {

/* Begin PBXBuildFile section */
		550672202736E5AF0053EB72 /* InfoViewController.swift in Sources */ = {isa = PBXBuildFile; fileRef = 5506721F2736E5AF0053EB72 /* InfoViewController.swift */; };
		5545776E2728008A00DE989A /* AppDelegate.swift in Sources */ = {isa = PBXBuildFile; fileRef = 5545776D2728008A00DE989A /* AppDelegate.swift */; };
		554577702728008A00DE989A /* SceneDelegate.swift in Sources */ = {isa = PBXBuildFile; fileRef = 5545776F2728008A00DE989A /* SceneDelegate.swift */; };
		554577722728008A00DE989A /* WelcomeViewController.swift in Sources */ = {isa = PBXBuildFile; fileRef = 554577712728008A00DE989A /* WelcomeViewController.swift */; };
		554577752728008A00DE989A /* Main.storyboard in Resources */ = {isa = PBXBuildFile; fileRef = 554577732728008A00DE989A /* Main.storyboard */; };
		554577772728008A00DE989A /* Assets.xcassets in Resources */ = {isa = PBXBuildFile; fileRef = 554577762728008A00DE989A /* Assets.xcassets */; };
		5545777A2728008A00DE989A /* LaunchScreen.storyboard in Resources */ = {isa = PBXBuildFile; fileRef = 554577782728008A00DE989A /* LaunchScreen.storyboard */; };
		55658E542736F61A00AC1E9E /* ImageName.swift in Sources */ = {isa = PBXBuildFile; fileRef = 55658E532736F61A00AC1E9E /* ImageName.swift */; };
/* End PBXBuildFile section */

/* Begin PBXFileReference section */
		5506721F2736E5AF0053EB72 /* InfoViewController.swift */ = {isa = PBXFileReference; lastKnownFileType = sourcecode.swift; path = InfoViewController.swift; sourceTree = "<group>"; };
		5545776A2728008A00DE989A /* info about chess.app */ = {isa = PBXFileReference; explicitFileType = wrapper.application; includeInIndex = 0; path = "info about chess.app"; sourceTree = BUILT_PRODUCTS_DIR; };
		5545776D2728008A00DE989A /* AppDelegate.swift */ = {isa = PBXFileReference; lastKnownFileType = sourcecode.swift; path = AppDelegate.swift; sourceTree = "<group>"; };
		5545776F2728008A00DE989A /* SceneDelegate.swift */ = {isa = PBXFileReference; lastKnownFileType = sourcecode.swift; path = SceneDelegate.swift; sourceTree = "<group>"; };
		554577712728008A00DE989A /* WelcomeViewController.swift */ = {isa = PBXFileReference; lastKnownFileType = sourcecode.swift; path = WelcomeViewController.swift; sourceTree = "<group>"; };
		554577742728008A00DE989A /* Base */ = {isa = PBXFileReference; lastKnownFileType = file.storyboard; name = Base; path = Base.lproj/Main.storyboard; sourceTree = "<group>"; };
		554577762728008A00DE989A /* Assets.xcassets */ = {isa = PBXFileReference; lastKnownFileType = folder.assetcatalog; path = Assets.xcassets; sourceTree = "<group>"; };
		554577792728008A00DE989A /* Base */ = {isa = PBXFileReference; lastKnownFileType = file.storyboard; name = Base; path = Base.lproj/LaunchScreen.storyboard; sourceTree = "<group>"; };
		5545777B2728008A00DE989A /* Info.plist */ = {isa = PBXFileReference; lastKnownFileType = text.plist.xml; path = Info.plist; sourceTree = "<group>"; };
		55658E532736F61A00AC1E9E /* ImageName.swift */ = {isa = PBXFileReference; lastKnownFileType = sourcecode.swift; path = ImageName.swift; sourceTree = "<group>"; };
/* End PBXFileReference section */

/* Begin PBXFrameworksBuildPhase section */
		554577672728008A00DE989A /* Frameworks */ = {
			isa = PBXFrameworksBuildPhase;
			buildActionMask = 2147483647;
			files = (
			);
			runOnlyForDeploymentPostprocessing = 0;
		};
/* End PBXFrameworksBuildPhase section */

/* Begin PBXGroup section */
		5506721E2736E5690053EB72 /* View Controllers */ = {
			isa = PBXGroup;
			children = (
				5506721F2736E5AF0053EB72 /* InfoViewController.swift */,
				554577712728008A00DE989A /* WelcomeViewController.swift */,
			);
			path = "View Controllers";
			sourceTree = "<group>";
		};
		550672212736E5C70053EB72 /* View */ = {
			isa = PBXGroup;
			children = (
				554577782728008A00DE989A /* LaunchScreen.storyboard */,
				554577732728008A00DE989A /* Main.storyboard */,
			);
			path = View;
			sourceTree = "<group>";
		};
		550672222736E5E10053EB72 /* App */ = {
			isa = PBXGroup;
			children = (
				5545776D2728008A00DE989A /* AppDelegate.swift */,
				554577762728008A00DE989A /* Assets.xcassets */,
				5545777B2728008A00DE989A /* Info.plist */,
				5545776F2728008A00DE989A /* SceneDelegate.swift */,
			);
			path = App;
			sourceTree = "<group>";
		};
		554577612728008A00DE989A = {
			isa = PBXGroup;
			children = (
				5545776C2728008A00DE989A /* info about chess */,
				5545776B2728008A00DE989A /* Products */,
			);
			sourceTree = "<group>";
		};
		5545776B2728008A00DE989A /* Products */ = {
			isa = PBXGroup;
			children = (
				5545776A2728008A00DE989A /* info about chess.app */,
			);
			name = Products;
			sourceTree = "<group>";
		};
		5545776C2728008A00DE989A /* info about chess */ = {
			isa = PBXGroup;
			children = (
				55658E502736F34500AC1E9E /* Models */,
				550672222736E5E10053EB72 /* App */,
				550672212736E5C70053EB72 /* View */,
				5506721E2736E5690053EB72 /* View Controllers */,
			);
			path = "info about chess";
			sourceTree = "<group>";
		};
		55658E502736F34500AC1E9E /* Models */ = {
			isa = PBXGroup;
			children = (
				55658E532736F61A00AC1E9E /* ImageName.swift */,
			);
			path = Models;
			sourceTree = "<group>";
		};
/* End PBXGroup section */

/* Begin PBXNativeTarget section */
		554577692728008A00DE989A /* info about chess */ = {
			isa = PBXNativeTarget;
			buildConfigurationList = 5545777E2728008A00DE989A /* Build configuration list for PBXNativeTarget "info about chess" */;
			buildPhases = (
				554577662728008A00DE989A /* Sources */,
				554577672728008A00DE989A /* Frameworks */,
				554577682728008A00DE989A /* Resources */,
			);
			buildRules = (
			);
			dependencies = (
			);
			name = "info about chess";
			productName = "info about chess";
			productReference = 5545776A2728008A00DE989A /* info about chess.app */;
			productType = "com.apple.product-type.application";
		};
/* End PBXNativeTarget section */

/* Begin PBXProject section */
		554577622728008A00DE989A /* Project object */ = {
			isa = PBXProject;
			attributes = {
				BuildIndependentTargetsInParallel = 1;
				LastSwiftUpdateCheck = 1300;
				LastUpgradeCheck = 1300;
				TargetAttributes = {
					554577692728008A00DE989A = {
						CreatedOnToolsVersion = 13.0;
					};
				};
			};
			buildConfigurationList = 554577652728008A00DE989A /* Build configuration list for PBXProject "info about chess" */;
			compatibilityVersion = "Xcode 13.0";
			developmentRegion = en;
			hasScannedForEncodings = 0;
			knownRegions = (
				en,
				Base,
			);
			mainGroup = 554577612728008A00DE989A;
			productRefGroup = 5545776B2728008A00DE989A /* Products */;
			projectDirPath = "";
			projectRoot = "";
			targets = (
				554577692728008A00DE989A /* info about chess */,
			);
		};
/* End PBXProject section */

/* Begin PBXResourcesBuildPhase section */
		554577682728008A00DE989A /* Resources */ = {
			isa = PBXResourcesBuildPhase;
			buildActionMask = 2147483647;
			files = (
				5545777A2728008A00DE989A /* LaunchScreen.storyboard in Resources */,
				554577772728008A00DE989A /* Assets.xcassets in Resources */,
				554577752728008A00DE989A /* Main.storyboard in Resources */,
			);
			runOnlyForDeploymentPostprocessing = 0;
		};
/* End PBXResourcesBuildPhase section */

/* Begin PBXSourcesBuildPhase section */
		554577662728008A00DE989A /* Sources */ = {
			isa = PBXSourcesBuildPhase;
			buildActionMask = 2147483647;
			files = (
				554577722728008A00DE989A /* WelcomeViewController.swift in Sources */,
				55658E542736F61A00AC1E9E /* ImageName.swift in Sources */,
				5545776E2728008A00DE989A /* AppDelegate.swift in Sources */,
				554577702728008A00DE989A /* SceneDelegate.swift in Sources */,
				550672202736E5AF0053EB72 /* InfoViewController.swift in Sources */,
			);
			runOnlyForDeploymentPostprocessing = 0;
		};
/* End PBXSourcesBuildPhase section */

/* Begin PBXVariantGroup section */
		554577732728008A00DE989A /* Main.storyboard */ = {
			isa = PBXVariantGroup;
			children = (
				554577742728008A00DE989A /* Base */,
			);
			name = Main.storyboard;
			sourceTree = "<group>";
		};
		554577782728008A00DE989A /* LaunchScreen.storyboard */ = {
			isa = PBXVariantGroup;
			children = (
				554577792728008A00DE989A /* Base */,
			);
			name = LaunchScreen.storyboard;
			sourceTree = "<group>";
		};
/* End PBXVariantGroup section */

/* Begin XCBuildConfiguration section */
		5545777C2728008A00DE989A /* Debug */ = {
			isa = XCBuildConfiguration;
			buildSettings = {
				ALWAYS_SEARCH_USER_PATHS = NO;
				CLANG_ANALYZER_NONNULL = YES;
				CLANG_ANALYZER_NUMBER_OBJECT_CONVERSION = YES_AGGRESSIVE;
				CLANG_CXX_LANGUAGE_STANDARD = "gnu++17";
				CLANG_CXX_LIBRARY = "libc++";
				CLANG_ENABLE_MODULES = YES;
				CLANG_ENABLE_OBJC_ARC = YES;
				CLANG_ENABLE_OBJC_WEAK = YES;
				CLANG_WARN_BLOCK_CAPTURE_AUTORELEASING = YES;
				CLANG_WARN_BOOL_CONVERSION = YES;
				CLANG_WARN_COMMA = YES;
				CLANG_WARN_CONSTANT_CONVERSION = YES;
				CLANG_WARN_DEPRECATED_OBJC_IMPLEMENTATIONS = YES;
				CLANG_WARN_DIRECT_OBJC_ISA_USAGE = YES_ERROR;
				CLANG_WARN_DOCUMENTATION_COMMENTS = YES;
				CLANG_WARN_EMPTY_BODY = YES;
				CLANG_WARN_ENUM_CONVERSION = YES;
				CLANG_WARN_INFINITE_RECURSION = YES;
				CLANG_WARN_INT_CONVERSION = YES;
				CLANG_WARN_NON_LITERAL_NULL_CONVERSION = YES;
				CLANG_WARN_OBJC_IMPLICIT_RETAIN_SELF = YES;
				CLANG_WARN_OBJC_LITERAL_CONVERSION = YES;
				CLANG_WARN_OBJC_ROOT_CLASS = YES_ERROR;
				CLANG_WARN_QUOTED_INCLUDE_IN_FRAMEWORK_HEADER = YES;
				CLANG_WARN_RANGE_LOOP_ANALYSIS = YES;
				CLANG_WARN_STRICT_PROTOTYPES = YES;
				CLANG_WARN_SUSPICIOUS_MOVE = YES;
				CLANG_WARN_UNGUARDED_AVAILABILITY = YES_AGGRESSIVE;
				CLANG_WARN_UNREACHABLE_CODE = YES;
				CLANG_WARN__DUPLICATE_METHOD_MATCH = YES;
				COPY_PHASE_STRIP = NO;
				DEBUG_INFORMATION_FORMAT = dwarf;
				ENABLE_STRICT_OBJC_MSGSEND = YES;
				ENABLE_TESTABILITY = YES;
				GCC_C_LANGUAGE_STANDARD = gnu11;
				GCC_DYNAMIC_NO_PIC = NO;
				GCC_NO_COMMON_BLOCKS = YES;
				GCC_OPTIMIZATION_LEVEL = 0;
				GCC_PREPROCESSOR_DEFINITIONS = (
					"DEBUG=1",
					"$(inherited)",
				);
				GCC_WARN_64_TO_32_BIT_CONVERSION = YES;
				GCC_WARN_ABOUT_RETURN_TYPE = YES_ERROR;
				GCC_WARN_UNDECLARED_SELECTOR = YES;
				GCC_WARN_UNINITIALIZED_AUTOS = YES_AGGRESSIVE;
				GCC_WARN_UNUSED_FUNCTION = YES;
				GCC_WARN_UNUSED_VARIABLE = YES;
				IPHONEOS_DEPLOYMENT_TARGET = 15.0;
				MTL_ENABLE_DEBUG_INFO = INCLUDE_SOURCE;
				MTL_FAST_MATH = YES;
				ONLY_ACTIVE_ARCH = YES;
				SDKROOT = iphoneos;
				SWIFT_ACTIVE_COMPILATION_CONDITIONS = DEBUG;
				SWIFT_OPTIMIZATION_LEVEL = "-Onone";
			};
			name = Debug;
		};
		5545777D2728008A00DE989A /* Release */ = {
			isa = XCBuildConfiguration;
			buildSettings = {
				ALWAYS_SEARCH_USER_PATHS = NO;
				CLANG_ANALYZER_NONNULL = YES;
				CLANG_ANALYZER_NUMBER_OBJECT_CONVERSION = YES_AGGRESSIVE;
				CLANG_CXX_LANGUAGE_STANDARD = "gnu++17";
				CLANG_CXX_LIBRARY = "libc++";
				CLANG_ENABLE_MODULES = YES;
				CLANG_ENABLE_OBJC_ARC = YES;
				CLANG_ENABLE_OBJC_WEAK = YES;
				CLANG_WARN_BLOCK_CAPTURE_AUTORELEASING = YES;
				CLANG_WARN_BOOL_CONVERSION = YES;
				CLANG_WARN_COMMA = YES;
				CLANG_WARN_CONSTANT_CONVERSION = YES;
				CLANG_WARN_DEPRECATED_OBJC_IMPLEMENTATIONS = YES;
				CLANG_WARN_DIRECT_OBJC_ISA_USAGE = YES_ERROR;
				CLANG_WARN_DOCUMENTATION_COMMENTS = YES;
				CLANG_WARN_EMPTY_BODY = YES;
				CLANG_WARN_ENUM_CONVERSION = YES;
				CLANG_WARN_INFINITE_RECURSION = YES;
				CLANG_WARN_INT_CONVERSION = YES;
				CLANG_WARN_NON_LITERAL_NULL_CONVERSION = YES;
				CLANG_WARN_OBJC_IMPLICIT_RETAIN_SELF = YES;
				CLANG_WARN_OBJC_LITERAL_CONVERSION = YES;
				CLANG_WARN_OBJC_ROOT_CLASS = YES_ERROR;
				CLANG_WARN_QUOTED_INCLUDE_IN_FRAMEWORK_HEADER = YES;
				CLANG_WARN_RANGE_LOOP_ANALYSIS = YES;
				CLANG_WARN_STRICT_PROTOTYPES = YES;
				CLANG_WARN_SUSPICIOUS_MOVE = YES;
				CLANG_WARN_UNGUARDED_AVAILABILITY = YES_AGGRESSIVE;
				CLANG_WARN_UNREACHABLE_CODE = YES;
				CLANG_WARN__DUPLICATE_METHOD_MATCH = YES;
				COPY_PHASE_STRIP = NO;
				DEBUG_INFORMATION_FORMAT = "dwarf-with-dsym";
				ENABLE_NS_ASSERTIONS = NO;
				ENABLE_STRICT_OBJC_MSGSEND = YES;
				GCC_C_LANGUAGE_STANDARD = gnu11;
				GCC_NO_COMMON_BLOCKS = YES;
				GCC_WARN_64_TO_32_BIT_CONVERSION = YES;
				GCC_WARN_ABOUT_RETURN_TYPE = YES_ERROR;
				GCC_WARN_UNDECLARED_SELECTOR = YES;
				GCC_WARN_UNINITIALIZED_AUTOS = YES_AGGRESSIVE;
				GCC_WARN_UNUSED_FUNCTION = YES;
				GCC_WARN_UNUSED_VARIABLE = YES;
				IPHONEOS_DEPLOYMENT_TARGET = 15.0;
				MTL_ENABLE_DEBUG_INFO = NO;
				MTL_FAST_MATH = YES;
				SDKROOT = iphoneos;
				SWIFT_COMPILATION_MODE = wholemodule;
				SWIFT_OPTIMIZATION_LEVEL = "-O";
				VALIDATE_PRODUCT = YES;
			};
			name = Release;
		};
		5545777F2728008A00DE989A /* Debug */ = {
			isa = XCBuildConfiguration;
			buildSettings = {
				ASSETCATALOG_COMPILER_APPICON_NAME = AppIcon;
				ASSETCATALOG_COMPILER_GLOBAL_ACCENT_COLOR_NAME = AccentColor;
				CODE_SIGN_STYLE = Automatic;
				CURRENT_PROJECT_VERSION = 1;
				DEVELOPMENT_TEAM = 2ZAR2UCDS8;
				GENERATE_INFOPLIST_FILE = YES;
				INFOPLIST_FILE = "info about chess/App/Info.plist";
				INFOPLIST_KEY_UIApplicationSupportsIndirectInputEvents = YES;
				INFOPLIST_KEY_UILaunchStoryboardName = LaunchScreen;
				INFOPLIST_KEY_UIMainStoryboardFile = Main;
				INFOPLIST_KEY_UISupportedInterfaceOrientations_iPad = "UIInterfaceOrientationPortrait UIInterfaceOrientationPortraitUpsideDown UIInterfaceOrientationLandscapeLeft UIInterfaceOrientationLandscapeRight";
				INFOPLIST_KEY_UISupportedInterfaceOrientations_iPhone = "UIInterfaceOrientationPortrait UIInterfaceOrientationLandscapeLeft UIInterfaceOrientationLandscapeRight";
				LD_RUNPATH_SEARCH_PATHS = (
					"$(inherited)",
					"@executable_path/Frameworks",
				);
				MARKETING_VERSION = 1.0;
				PRODUCT_BUNDLE_IDENTIFIER = "ru.komplayer31.info-about-chess";
				PRODUCT_NAME = "$(TARGET_NAME)";
				SWIFT_EMIT_LOC_STRINGS = YES;
				SWIFT_VERSION = 5.0;
				TARGETED_DEVICE_FAMILY = "1,2";
			};
			name = Debug;
		};
		554577802728008A00DE989A /* Release */ = {
			isa = XCBuildConfiguration;
			buildSettings = {
				ASSETCATALOG_COMPILER_APPICON_NAME = AppIcon;
				ASSETCATALOG_COMPILER_GLOBAL_ACCENT_COLOR_NAME = AccentColor;
				CODE_SIGN_STYLE = Automatic;
				CURRENT_PROJECT_VERSION = 1;
				DEVELOPMENT_TEAM = 2ZAR2UCDS8;
				GENERATE_INFOPLIST_FILE = YES;
				INFOPLIST_FILE = "info about chess/App/Info.plist";
				INFOPLIST_KEY_UIApplicationSupportsIndirectInputEvents = YES;
				INFOPLIST_KEY_UILaunchStoryboardName = LaunchScreen;
				INFOPLIST_KEY_UIMainStoryboardFile = Main;
				INFOPLIST_KEY_UISupportedInterfaceOrientations_iPad = "UIInterfaceOrientationPortrait UIInterfaceOrientationPortraitUpsideDown UIInterfaceOrientationLandscapeLeft UIInterfaceOrientationLandscapeRight";
				INFOPLIST_KEY_UISupportedInterfaceOrientations_iPhone = "UIInterfaceOrientationPortrait UIInterfaceOrientationLandscapeLeft UIInterfaceOrientationLandscapeRight";
				LD_RUNPATH_SEARCH_PATHS = (
					"$(inherited)",
					"@executable_path/Frameworks",
				);
				MARKETING_VERSION = 1.0;
				PRODUCT_BUNDLE_IDENTIFIER = "ru.komplayer31.info-about-chess";
				PRODUCT_NAME = "$(TARGET_NAME)";
				SWIFT_EMIT_LOC_STRINGS = YES;
				SWIFT_VERSION = 5.0;
				TARGETED_DEVICE_FAMILY = "1,2";
			};
			name = Release;
		};
/* End XCBuildConfiguration section */

/* Begin XCConfigurationList section */
		554577652728008A00DE989A /* Build configuration list for PBXProject "info about chess" */ = {
			isa = XCConfigurationList;
			buildConfigurations = (
				5545777C2728008A00DE989A /* Debug */,
				5545777D2728008A00DE989A /* Release */,
			);
			defaultConfigurationIsVisible = 0;
			defaultConfigurationName = Release;
		};
		5545777E2728008A00DE989A /* Build configuration list for PBXNativeTarget "info about chess" */ = {
			isa = XCConfigurationList;
			buildConfigurations = (
				5545777F2728008A00DE989A /* Debug */,
				554577802728008A00DE989A /* Release */,
			);
			defaultConfigurationIsVisible = 0;
			defaultConfigurationName = Release;
		};
/* End XCConfigurationList section */
	};
	rootObject = 554577622728008A00DE989A /* Project object */;
}
